{
  "name": "gtop",
  "version": "1.1.6",
  "lockfileVersion": 3,
  "requires": true,
  "packages": {
    "": {
      "name": "gtop",
      "version": "1.1.6",
      "license": "MIT",
      "dependencies": {
        "blessed": "0.1.81",
        "blessed-contrib": "4.11.0",
        "systeminformation": "5.21.24"
      },
      "bin": {
        "gtop": "bin/gtop"
      },
      "devDependencies": {
        "marked-man": "1.3.5",
        "prettier": "3.2.4"
      },
      "engines": {
        "node": ">=4.0.0"
      }
    },
    "node_modules/@babel/code-frame": {
      "version": "7.22.10",
      "dev": true,
      "license": "MIT",
      "dependencies": {
        "@babel/highlight": "^7.22.10",
        "chalk": "^2.4.2"
      },
      "engines": {
        "node": ">=6.9.0"
      }
    },
    "node_modules/@babel/code-frame/node_modules/chalk": {
      "version": "2.4.2",
      "dev": true,
      "license": "MIT",
      "dependencies": {
        "ansi-styles": "^3.2.1",
        "escape-string-regexp": "^1.0.5",
        "supports-color": "^5.3.0"
      },
      "engines": {
        "node": ">=4"
      }
    },
    "node_modules/@babel/code-frame/node_modules/chalk/node_modules/ansi-styles": {
      "version": "3.2.1",
      "dev": true,
      "license": "MIT",
      "dependencies": {
        "color-convert": "^1.9.0"
      },
      "engines": {
        "node": ">=4"
      }
    },
    "node_modules/@babel/code-frame/node_modules/chalk/node_modules/supports-color": {
      "version": "5.5.0",
      "dev": true,
      "license": "MIT",
      "dependencies": {
        "has-flag": "^3.0.0"
      },
      "engines": {
        "node": ">=4"
      }
    },
    "node_modules/@babel/code-frame/node_modules/chalk/node_modules/supports-color/node_modules/has-flag": {
      "version": "3.0.0",
      "dev": true,
      "license": "MIT",
      "engines": {
        "node": ">=4"
      }
    },
    "node_modules/@babel/helper-validator-identifier": {
      "version": "7.22.5",
      "dev": true,
      "license": "MIT",
      "engines": {
        "node": ">=6.9.0"
      }
    },
    "node_modules/@babel/highlight": {
      "version": "7.22.10",
      "dev": true,
      "license": "MIT",
      "dependencies": {
        "@babel/helper-validator-identifier": "^7.22.5",
        "chalk": "^2.4.2",
        "js-tokens": "^4.0.0"
      },
      "engines": {
        "node": ">=6.9.0"
      }
    },
    "node_modules/@babel/highlight/node_modules/chalk": {
      "version": "2.4.2",
      "dev": true,
      "license": "MIT",
      "dependencies": {
        "ansi-styles": "^3.2.1",
        "escape-string-regexp": "^1.0.5",
        "supports-color": "^5.3.0"
      },
      "engines": {
        "node": ">=4"
      }
    },
    "node_modules/@babel/highlight/node_modules/chalk/node_modules/ansi-styles": {
      "version": "3.2.1",
      "dev": true,
      "license": "MIT",
      "dependencies": {
        "color-convert": "^1.9.0"
      },
      "engines": {
        "node": ">=4"
      }
    },
    "node_modules/@babel/highlight/node_modules/chalk/node_modules/supports-color": {
      "version": "5.5.0",
      "dev": true,
      "license": "MIT",
      "dependencies": {
        "has-flag": "^3.0.0"
      },
      "engines": {
        "node": ">=4"
      }
    },
    "node_modules/@babel/highlight/node_modules/chalk/node_modules/supports-color/node_modules/has-flag": {
      "version": "3.0.0",
      "dev": true,
      "license": "MIT",
      "engines": {
        "node": ">=4"
      }
    },
    "node_modules/@colors/colors": {
      "version": "1.5.0",
      "license": "MIT",
      "optional": true,
      "engines": {
        "node": ">=0.1.90"
      }
    },
    "node_modules/@types/normalize-package-data": {
      "version": "2.4.1",
      "dev": true,
      "license": "MIT"
    },
    "node_modules/abbrev": {
      "version": "1.1.1",
      "license": "ISC"
    },
    "node_modules/ansi-escapes": {
      "version": "6.2.0",
      "license": "MIT",
      "dependencies": {
        "type-fest": "^3.0.0"
      },
      "engines": {
        "node": ">=14.16"
      },
      "funding": {
        "url": "https://github.com/sponsors/sindresorhus"
      }
    },
    "node_modules/ansi-escapes/node_modules/type-fest": {
      "version": "3.13.1",
      "license": "(MIT OR CC0-1.0)",
      "engines": {
        "node": ">=14.16"
      },
      "funding": {
        "url": "https://github.com/sponsors/sindresorhus"
      }
    },
    "node_modules/ansi-regex": {
      "version": "2.1.1",
      "license": "MIT",
      "engines": {
        "node": ">=0.10.0"
      }
    },
    "node_modules/ansi-styles": {
      "version": "2.2.1",
      "license": "MIT",
      "engines": {
        "node": ">=0.10.0"
      }
    },
    "node_modules/ansi-term": {
      "version": "0.0.2",
      "license": "ISC",
      "dependencies": {
        "x256": ">=0.0.1"
      }
    },
    "node_modules/ansicolors": {
      "version": "0.3.2",
      "license": "MIT"
    },
    "node_modules/blessed": {
      "version": "0.1.81",
      "license": "MIT",
      "bin": {
        "blessed": "bin/tput.js"
      },
      "engines": {
        "node": ">= 0.8.0"
      }
    },
    "node_modules/blessed-contrib": {
      "version": "4.11.0",
      "license": "MIT",
      "dependencies": {
        "ansi-term": ">=0.0.2",
        "chalk": "^1.1.0",
        "drawille-canvas-blessed-contrib": ">=0.1.3",
        "lodash": "~>=4.17.21",
        "map-canvas": ">=0.1.5",
        "marked": "^4.0.12",
        "marked-terminal": "^5.1.1",
        "memory-streams": "^0.1.0",
        "memorystream": "^0.3.1",
        "picture-tuber": "^1.0.1",
        "sparkline": "^0.1.1",
        "strip-ansi": "^3.0.0",
        "term-canvas": "0.0.5",
        "x256": ">=0.0.1"
      }
    },
    "node_modules/bresenham": {
      "version": "0.0.3",
      "license": "MIT"
    },
    "node_modules/buffers": {
      "version": "0.1.1",
      "engines": {
        "node": ">=0.2.0"
      }
    },
    "node_modules/cardinal": {
      "version": "2.1.1",
      "license": "MIT",
      "dependencies": {
        "ansicolors": "~0.3.2",
        "redeyed": "~2.1.0"
      },
      "bin": {
        "cdl": "bin/cdl.js"
      }
    },
    "node_modules/chalk": {
      "version": "1.1.3",
      "license": "MIT",
      "dependencies": {
        "ansi-styles": "^2.2.1",
        "escape-string-regexp": "^1.0.2",
        "has-ansi": "^2.0.0",
        "strip-ansi": "^3.0.0",
        "supports-color": "^2.0.0"
      },
      "engines": {
        "node": ">=0.10.0"
      }
    },
    "node_modules/charm": {
      "version": "0.1.2",
      "license": "MIT/X11"
    },
    "node_modules/cli-table3": {
      "version": "0.6.3",
      "license": "MIT",
      "dependencies": {
        "string-width": "^4.2.0"
      },
      "engines": {
        "node": "10.* || >= 12.*"
      },
      "optionalDependencies": {
        "@colors/colors": "1.5.0"
      }
    },
    "node_modules/color-convert": {
      "version": "1.9.3",
      "dev": true,
      "license": "MIT",
      "dependencies": {
        "color-name": "1.1.3"
      }
    },
    "node_modules/color-name": {
      "version": "1.1.3",
      "dev": true,
      "license": "MIT"
    },
    "node_modules/core-util-is": {
      "version": "1.0.3",
      "license": "MIT"
    },
    "node_modules/drawille-blessed-contrib": {
      "version": "1.0.0",
      "license": "MIT"
    },
    "node_modules/drawille-canvas-blessed-contrib": {
      "version": "0.1.3",
      "license": "MIT",
      "dependencies": {
        "ansi-term": ">=0.0.2",
        "bresenham": "0.0.3",
        "drawille-blessed-contrib": ">=0.0.1",
        "gl-matrix": "^2.1.0",
        "x256": ">=0.0.1"
      }
    },
    "node_modules/emoji-regex": {
      "version": "8.0.0",
      "license": "MIT"
    },
    "node_modules/error-ex": {
      "version": "1.3.2",
      "dev": true,
      "license": "MIT",
      "dependencies": {
        "is-arrayish": "^0.2.1"
      }
    },
    "node_modules/escape-string-regexp": {
      "version": "1.0.5",
      "license": "MIT",
      "engines": {
        "node": ">=0.8.0"
      }
    },
    "node_modules/esprima": {
      "version": "4.0.1",
      "license": "BSD-2-Clause",
      "bin": {
        "esparse": "bin/esparse.js",
        "esvalidate": "bin/esvalidate.js"
      },
      "engines": {
        "node": ">=4"
      }
    },
    "node_modules/event-stream": {
      "version": "0.9.8",
      "dependencies": {
        "optimist": "0.2"
      }
    },
    "node_modules/event-stream/node_modules/optimist": {
      "version": "0.2.8",
      "license": "MIT/X11",
      "dependencies": {
        "wordwrap": ">=0.0.1 <0.1.0"
      }
    },
    "node_modules/find-up": {
      "version": "6.3.0",
      "dev": true,
      "license": "MIT",
      "dependencies": {
        "locate-path": "^7.1.0",
        "path-exists": "^5.0.0"
      },
      "engines": {
        "node": "^12.20.0 || ^14.13.1 || >=16.0.0"
      },
      "funding": {
        "url": "https://github.com/sponsors/sindresorhus"
      }
    },
    "node_modules/function-bind": {
      "version": "1.1.1",
      "dev": true,
      "license": "MIT"
    },
    "node_modules/gl-matrix": {
      "version": "2.8.1",
      "license": "MIT"
    },
    "node_modules/has": {
      "version": "1.0.3",
      "dev": true,
      "license": "MIT",
      "dependencies": {
        "function-bind": "^1.1.1"
      },
      "engines": {
        "node": ">= 0.4.0"
      }
    },
    "node_modules/has-ansi": {
      "version": "2.0.0",
      "license": "MIT",
      "dependencies": {
        "ansi-regex": "^2.0.0"
      },
      "engines": {
        "node": ">=0.10.0"
      }
    },
    "node_modules/has-flag": {
      "version": "4.0.0",
      "license": "MIT",
      "engines": {
        "node": ">=8"
      }
    },
    "node_modules/here": {
      "version": "0.0.2",
      "license": "MIT"
    },
    "node_modules/hosted-git-info": {
      "version": "4.1.0",
      "dev": true,
      "license": "ISC",
      "dependencies": {
        "lru-cache": "^6.0.0"
      },
      "engines": {
        "node": ">=10"
      }
    },
    "node_modules/inherits": {
      "version": "2.0.4",
      "license": "ISC"
    },
    "node_modules/is-arrayish": {
      "version": "0.2.1",
      "dev": true,
      "license": "MIT"
    },
    "node_modules/is-core-module": {
      "version": "2.13.0",
      "dev": true,
      "license": "MIT",
      "dependencies": {
        "has": "^1.0.3"
      },
      "funding": {
        "url": "https://github.com/sponsors/ljharb"
      }
    },
    "node_modules/is-fullwidth-code-point": {
      "version": "3.0.0",
      "license": "MIT",
      "engines": {
        "node": ">=8"
      }
    },
    "node_modules/isarray": {
      "version": "0.0.1",
      "license": "MIT"
    },
    "node_modules/js-tokens": {
      "version": "4.0.0",
      "dev": true,
      "license": "MIT"
    },
    "node_modules/json-parse-even-better-errors": {
      "version": "2.3.1",
      "dev": true,
      "license": "MIT"
    },
    "node_modules/lines-and-columns": {
      "version": "1.2.4",
      "dev": true,
      "license": "MIT"
    },
    "node_modules/locate-path": {
      "version": "7.2.0",
      "dev": true,
      "license": "MIT",
      "dependencies": {
        "p-locate": "^6.0.0"
      },
      "engines": {
        "node": "^12.20.0 || ^14.13.1 || >=16.0.0"
      },
      "funding": {
        "url": "https://github.com/sponsors/sindresorhus"
      }
    },
    "node_modules/lodash": {
      "version": "4.17.21",
      "license": "MIT"
    },
    "node_modules/lru-cache": {
      "version": "6.0.0",
      "dev": true,
      "license": "ISC",
      "dependencies": {
        "yallist": "^4.0.0"
      },
      "engines": {
        "node": ">=10"
      }
    },
    "node_modules/map-canvas": {
      "version": "0.1.5",
      "license": "ISC",
      "dependencies": {
        "drawille-canvas-blessed-contrib": ">=0.0.1",
        "xml2js": "^0.4.5"
      }
    },
    "node_modules/marked": {
      "version": "4.3.0",
      "license": "MIT",
      "bin": {
        "marked": "bin/marked.js"
      },
      "engines": {
        "node": ">= 12"
      }
    },
    "node_modules/marked-man": {
      "version": "1.3.5",
      "resolved": "https://registry.npmjs.org/marked-man/-/marked-man-1.3.5.tgz",
      "integrity": "sha512-iLBGnzNWhQHyaBYPuIuedv8e6DOFtQ9PxVZ24YBbYqpkK35yyyLVfJkctogCXUUy0CwyvCj23wNBw1MN4+H8UQ==",
      "dev": true,
      "dependencies": {
        "marked": "^4.2.12",
        "read-pkg-up": "^9.1.0"
      },
      "bin": {
        "marked-man": "bin/marked-man.js"
      }
    },
    "node_modules/marked-terminal": {
      "version": "5.2.0",
      "license": "MIT",
      "dependencies": {
        "ansi-escapes": "^6.2.0",
        "cardinal": "^2.1.1",
        "chalk": "^5.2.0",
        "cli-table3": "^0.6.3",
        "node-emoji": "^1.11.0",
        "supports-hyperlinks": "^2.3.0"
      },
      "engines": {
        "node": ">=14.13.1 || >=16.0.0"
      },
      "peerDependencies": {
        "marked": "^1.0.0 || ^2.0.0 || ^3.0.0 || ^4.0.0 || ^5.0.0"
      }
    },
    "node_modules/marked-terminal/node_modules/chalk": {
      "version": "5.3.0",
      "license": "MIT",
      "engines": {
        "node": "^12.17.0 || ^14.13 || >=16.0.0"
      },
      "funding": {
        "url": "https://github.com/chalk/chalk?sponsor=1"
      }
    },
    "node_modules/memory-streams": {
      "version": "0.1.3",
      "license": "MIT",
      "dependencies": {
        "readable-stream": "~1.0.2"
      }
    },
    "node_modules/memorystream": {
      "version": "0.3.1",
      "engines": {
        "node": ">= 0.10.0"
      }
    },
    "node_modules/node-emoji": {
      "version": "1.11.0",
      "license": "MIT",
      "dependencies": {
        "lodash": "^4.17.21"
      }
    },
    "node_modules/nopt": {
      "version": "2.1.2",
      "license": "MIT",
      "dependencies": {
        "abbrev": "1"
      },
      "bin": {
        "nopt": "bin/nopt.js"
      }
    },
    "node_modules/normalize-package-data": {
      "version": "3.0.3",
      "dev": true,
      "license": "BSD-2-Clause",
      "dependencies": {
        "hosted-git-info": "^4.0.1",
        "is-core-module": "^2.5.0",
        "semver": "^7.3.4",
        "validate-npm-package-license": "^3.0.1"
      },
      "engines": {
        "node": ">=10"
      }
    },
    "node_modules/optimist": {
      "version": "0.3.7",
      "license": "MIT/X11",
      "dependencies": {
        "wordwrap": "~0.0.2"
      }
    },
    "node_modules/p-limit": {
      "version": "4.0.0",
      "dev": true,
      "license": "MIT",
      "dependencies": {
        "yocto-queue": "^1.0.0"
      },
      "engines": {
        "node": "^12.20.0 || ^14.13.1 || >=16.0.0"
      },
      "funding": {
        "url": "https://github.com/sponsors/sindresorhus"
      }
    },
    "node_modules/p-locate": {
      "version": "6.0.0",
      "dev": true,
      "license": "MIT",
      "dependencies": {
        "p-limit": "^4.0.0"
      },
      "engines": {
        "node": "^12.20.0 || ^14.13.1 || >=16.0.0"
      },
      "funding": {
        "url": "https://github.com/sponsors/sindresorhus"
      }
    },
    "node_modules/parse-json": {
      "version": "5.2.0",
      "dev": true,
      "license": "MIT",
      "dependencies": {
        "@babel/code-frame": "^7.0.0",
        "error-ex": "^1.3.1",
        "json-parse-even-better-errors": "^2.3.0",
        "lines-and-columns": "^1.1.6"
      },
      "engines": {
        "node": ">=8"
      },
      "funding": {
        "url": "https://github.com/sponsors/sindresorhus"
      }
    },
    "node_modules/path-exists": {
      "version": "5.0.0",
      "dev": true,
      "license": "MIT",
      "engines": {
        "node": "^12.20.0 || ^14.13.1 || >=16.0.0"
      }
    },
    "node_modules/picture-tuber": {
      "version": "1.0.2",
      "license": "MIT",
      "dependencies": {
        "buffers": "~0.1.1",
        "charm": "~0.1.0",
        "event-stream": "~0.9.8",
        "optimist": "~0.3.4",
        "png-js": "~0.1.0",
        "x256": "~0.0.1"
      },
      "bin": {
        "picture-tube": "bin/tube.js"
      },
      "engines": {
        "node": ">=0.4.0"
      }
    },
    "node_modules/png-js": {
      "version": "0.1.1"
    },
    "node_modules/prettier": {
      "version": "3.2.4",
      "resolved": "https://registry.npmjs.org/prettier/-/prettier-3.2.4.tgz",
      "integrity": "sha512-FWu1oLHKCrtpO1ypU6J0SbK2d9Ckwysq6bHj/uaCP26DxrPpppCLQRGVuqAxSTvhF00AcvDRyYrLNW7ocBhFFQ==",
      "dev": true,
      "bin": {
        "prettier": "bin/prettier.cjs"
      },
      "engines": {
        "node": ">=14"
      },
      "funding": {
        "url": "https://github.com/prettier/prettier?sponsor=1"
      }
    },
    "node_modules/read-pkg": {
      "version": "7.1.0",
      "dev": true,
      "license": "MIT",
      "dependencies": {
        "@types/normalize-package-data": "^2.4.1",
        "normalize-package-data": "^3.0.2",
        "parse-json": "^5.2.0",
        "type-fest": "^2.0.0"
      },
      "engines": {
        "node": ">=12.20"
      },
      "funding": {
        "url": "https://github.com/sponsors/sindresorhus"
      }
    },
    "node_modules/read-pkg-up": {
      "version": "9.1.0",
      "dev": true,
      "license": "MIT",
      "dependencies": {
        "find-up": "^6.3.0",
        "read-pkg": "^7.1.0",
        "type-fest": "^2.5.0"
      },
      "engines": {
        "node": "^12.20.0 || ^14.13.1 || >=16.0.0"
      },
      "funding": {
        "url": "https://github.com/sponsors/sindresorhus"
      }
    },
    "node_modules/read-pkg/node_modules/type-fest": {
      "version": "2.19.0",
      "dev": true,
      "license": "(MIT OR CC0-1.0)",
      "engines": {
        "node": ">=12.20"
      },
      "funding": {
        "url": "https://github.com/sponsors/sindresorhus"
      }
    },
    "node_modules/readable-stream": {
      "version": "1.0.34",
      "license": "MIT",
      "dependencies": {
        "core-util-is": "~1.0.0",
        "inherits": "~2.0.1",
        "isarray": "0.0.1",
        "string_decoder": "~0.10.x"
      }
    },
    "node_modules/redeyed": {
      "version": "2.1.1",
      "license": "MIT",
      "dependencies": {
        "esprima": "~4.0.0"
      }
    },
    "node_modules/sax": {
      "version": "1.2.4",
      "license": "ISC"
    },
    "node_modules/semver": {
      "version": "7.5.4",
      "dev": true,
      "license": "ISC",
      "dependencies": {
        "lru-cache": "^6.0.0"
      },
      "bin": {
        "semver": "bin/semver.js"
      },
      "engines": {
        "node": ">=10"
      }
    },
    "node_modules/sparkline": {
      "version": "0.1.2",
      "dependencies": {
        "here": "0.0.2",
        "nopt": "~2.1.2"
      },
      "bin": {
        "sparkline": "bin/sparkline"
      },
      "engines": {
        "node": ">= 0.8.0"
      }
    },
    "node_modules/spdx-correct": {
      "version": "3.2.0",
      "dev": true,
      "license": "Apache-2.0",
      "dependencies": {
        "spdx-expression-parse": "^3.0.0",
        "spdx-license-ids": "^3.0.0"
      }
    },
    "node_modules/spdx-exceptions": {
      "version": "2.3.0",
      "dev": true,
      "license": "CC-BY-3.0"
    },
    "node_modules/spdx-expression-parse": {
      "version": "3.0.1",
      "dev": true,
      "license": "MIT",
      "dependencies": {
        "spdx-exceptions": "^2.1.0",
        "spdx-license-ids": "^3.0.0"
      }
    },
    "node_modules/spdx-license-ids": {
      "version": "3.0.13",
      "dev": true,
      "license": "CC0-1.0"
    },
    "node_modules/string_decoder": {
      "version": "0.10.31",
      "license": "MIT"
    },
    "node_modules/string-width": {
      "version": "4.2.3",
      "license": "MIT",
      "dependencies": {
        "emoji-regex": "^8.0.0",
        "is-fullwidth-code-point": "^3.0.0",
        "strip-ansi": "^6.0.1"
      },
      "engines": {
        "node": ">=8"
      }
    },
    "node_modules/string-width/node_modules/strip-ansi": {
      "version": "6.0.1",
      "license": "MIT",
      "dependencies": {
        "ansi-regex": "^5.0.1"
      },
      "engines": {
        "node": ">=8"
      }
    },
    "node_modules/string-width/node_modules/strip-ansi/node_modules/ansi-regex": {
      "version": "5.0.1",
      "license": "MIT",
      "engines": {
        "node": ">=8"
      }
    },
    "node_modules/strip-ansi": {
      "version": "3.0.1",
      "license": "MIT",
      "dependencies": {
        "ansi-regex": "^2.0.0"
      },
      "engines": {
        "node": ">=0.10.0"
      }
    },
    "node_modules/supports-color": {
      "version": "2.0.0",
      "license": "MIT",
      "engines": {
        "node": ">=0.8.0"
      }
    },
    "node_modules/supports-hyperlinks": {
      "version": "2.3.0",
      "license": "MIT",
      "dependencies": {
        "has-flag": "^4.0.0",
        "supports-color": "^7.0.0"
      },
      "engines": {
        "node": ">=8"
      }
    },
    "node_modules/supports-hyperlinks/node_modules/supports-color": {
      "version": "7.2.0",
      "license": "MIT",
      "dependencies": {
        "has-flag": "^4.0.0"
      },
      "engines": {
        "node": ">=8"
      }
    },
    "node_modules/systeminformation": {
      "version": "5.21.24",
      "resolved": "https://registry.npmjs.org/systeminformation/-/systeminformation-5.21.24.tgz",
      "integrity": "sha512-xQada8ByGGFoRXJaUptGgddn3i7IjtSdqNdCKzB8xkzsM7pHnfLYBWxkPdGzhZ0Z/l+W1yo+aZQZ74d2isj8kw==",
      "os": [
        "darwin",
        "linux",
        "win32",
        "freebsd",
        "openbsd",
        "netbsd",
        "sunos",
        "android"
      ],
      "bin": {
        "systeminformation": "lib/cli.js"
      },
      "engines": {
        "node": ">=8.0.0"
      },
      "funding": {
        "type": "Buy me a coffee",
        "url": "https://www.buymeacoffee.com/systeminfo"
      }
    },
    "node_modules/term-canvas": {
      "version": "0.0.5"
    },
    "node_modules/type-fest": {
      "version": "2.19.0",
      "dev": true,
      "license": "(MIT OR CC0-1.0)",
      "engines": {
        "node": ">=12.20"
      },
      "funding": {
        "url": "https://github.com/sponsors/sindresorhus"
      }
    },
    "node_modules/validate-npm-package-license": {
      "version": "3.0.4",
      "dev": true,
      "license": "Apache-2.0",
      "dependencies": {
        "spdx-correct": "^3.0.0",
        "spdx-expression-parse": "^3.0.0"
      }
    },
    "node_modules/wordwrap": {
      "version": "0.0.3",
      "license": "MIT",
      "engines": {
        "node": ">=0.4.0"
      }
    },
    "node_modules/x256": {
      "version": "0.0.2",
      "license": "MIT",
      "engines": {
        "node": ">=0.4.0"
      }
    },
    "node_modules/xml2js": {
      "version": "0.4.23",
      "license": "MIT",
      "dependencies": {
        "sax": ">=0.6.0",
        "xmlbuilder": "~11.0.0"
      },
      "engines": {
        "node": ">=4.0.0"
      }
    },
    "node_modules/xmlbuilder": {
      "version": "11.0.1",
      "license": "MIT",
      "engines": {
        "node": ">=4.0"
      }
    },
    "node_modules/yallist": {
      "version": "4.0.0",
      "dev": true,
      "license": "ISC"
    },
    "node_modules/yocto-queue": {
      "version": "1.0.0",
      "dev": true,
      "license": "MIT",
      "engines": {
        "node": ">=12.20"
      },
      "funding": {
        "url": "https://github.com/sponsors/sindresorhus"
      }
    }
  }
}
